// !$*UTF8*$!
{
	archiveVersion = 1;
	classes = {
	};
	objectVersion = 56;
	objects = {

/* Begin PBXBuildFile section */
		D5023C4C2BD4FAE30009D61B /* Protocols.swift in Sources */ = {isa = PBXBuildFile; fileRef = D5023C4B2BD4FAE30009D61B /* Protocols.swift */; };
		D50FA7C02BD65A36005B2259 /* Lottie in Frameworks */ = {isa = PBXBuildFile; productRef = D50FA7BF2BD65A36005B2259 /* Lottie */; };
		D50FA7C32BD65BE5005B2259 /* guy.json in Resources */ = {isa = PBXBuildFile; fileRef = D50FA7C22BD65BE5005B2259 /* guy.json */; };
		D50FA7C52BD65CC7005B2259 /* LottieView.swift in Sources */ = {isa = PBXBuildFile; fileRef = D50FA7C42BD65CC7005B2259 /* LottieView.swift */; };
		D50FA7C72BD67161005B2259 /* enfil.json in Resources */ = {isa = PBXBuildFile; fileRef = D50FA7C62BD67161005B2259 /* enfil.json */; };
		D50FA7CB2BD67486005B2259 /* facebook.json in Resources */ = {isa = PBXBuildFile; fileRef = D50FA7CA2BD67486005B2259 /* facebook.json */; };
		D51854912BCB9DC600CE2620 /* SwiftUIDemoApp.swift in Sources */ = {isa = PBXBuildFile; fileRef = D51854902BCB9DC600CE2620 /* SwiftUIDemoApp.swift */; };
		D51854952BCB9DC700CE2620 /* Assets.xcassets in Resources */ = {isa = PBXBuildFile; fileRef = D51854942BCB9DC700CE2620 /* Assets.xcassets */; };
		D51854982BCB9DC700CE2620 /* Preview Assets.xcassets in Resources */ = {isa = PBXBuildFile; fileRef = D51854972BCB9DC700CE2620 /* Preview Assets.xcassets */; };
		D51854A02BCB9E5B00CE2620 /* HomeScreen.swift in Sources */ = {isa = PBXBuildFile; fileRef = D518549F2BCB9E5B00CE2620 /* HomeScreen.swift */; };
		D5B484B12BD7BE2A0039B012 /* SignUp.swift in Sources */ = {isa = PBXBuildFile; fileRef = D5B484B02BD7BE2A0039B012 /* SignUp.swift */; };
		D5B484B32BD7C4540039B012 /* SignIn.swift in Sources */ = {isa = PBXBuildFile; fileRef = D5B484B22BD7C4540039B012 /* SignIn.swift */; };
		D5B484B52BD8EBE40039B012 /* Starter.swift in Sources */ = {isa = PBXBuildFile; fileRef = D5B484B42BD8EBE40039B012 /* Starter.swift */; };
		D5B484B82BD8F0540039B012 /* Status.swift in Sources */ = {isa = PBXBuildFile; fileRef = D5B484B72BD8F0540039B012 /* Status.swift */; };
/* End PBXBuildFile section */

/* Begin PBXFileReference section */
		D5023C4B2BD4FAE30009D61B /* Protocols.swift */ = {isa = PBXFileReference; lastKnownFileType = sourcecode.swift; path = Protocols.swift; sourceTree = "<group>"; };
		D50FA7C22BD65BE5005B2259 /* guy.json */ = {isa = PBXFileReference; fileEncoding = 4; lastKnownFileType = text.json; name = guy.json; path = ../../../../Downloads/guy.json; sourceTree = "<group>"; };
		D50FA7C42BD65CC7005B2259 /* LottieView.swift */ = {isa = PBXFileReference; lastKnownFileType = sourcecode.swift; path = LottieView.swift; sourceTree = "<group>"; };
		D50FA7C62BD67161005B2259 /* enfil.json */ = {isa = PBXFileReference; fileEncoding = 4; lastKnownFileType = text.json; name = enfil.json; path = ../../../../Downloads/enfil.json; sourceTree = "<group>"; };
		D50FA7CA2BD67486005B2259 /* facebook.json */ = {isa = PBXFileReference; fileEncoding = 4; lastKnownFileType = text.json; name = facebook.json; path = ../../../../Downloads/facebook.json; sourceTree = "<group>"; };
		D518548D2BCB9DC600CE2620 /* SwiftUIDemo.app */ = {isa = PBXFileReference; explicitFileType = wrapper.application; includeInIndex = 0; path = SwiftUIDemo.app; sourceTree = BUILT_PRODUCTS_DIR; };
		D51854902BCB9DC600CE2620 /* SwiftUIDemoApp.swift */ = {isa = PBXFileReference; lastKnownFileType = sourcecode.swift; path = SwiftUIDemoApp.swift; sourceTree = "<group>"; };
		D51854942BCB9DC700CE2620 /* Assets.xcassets */ = {isa = PBXFileReference; lastKnownFileType = folder.assetcatalog; path = Assets.xcassets; sourceTree = "<group>"; };
		D51854972BCB9DC700CE2620 /* Preview Assets.xcassets */ = {isa = PBXFileReference; lastKnownFileType = folder.assetcatalog; path = "Preview Assets.xcassets"; sourceTree = "<group>"; };
		D518549F2BCB9E5B00CE2620 /* HomeScreen.swift */ = {isa = PBXFileReference; lastKnownFileType = sourcecode.swift; path = HomeScreen.swift; sourceTree = "<group>"; };
		D5B484B02BD7BE2A0039B012 /* SignUp.swift */ = {isa = PBXFileReference; lastKnownFileType = sourcecode.swift; path = SignUp.swift; sourceTree = "<group>"; };
		D5B484B22BD7C4540039B012 /* SignIn.swift */ = {isa = PBXFileReference; lastKnownFileType = sourcecode.swift; path = SignIn.swift; sourceTree = "<group>"; };
		D5B484B42BD8EBE40039B012 /* Starter.swift */ = {isa = PBXFileReference; lastKnownFileType = sourcecode.swift; path = Starter.swift; sourceTree = "<group>"; };
		D5B484B72BD8F0540039B012 /* Status.swift */ = {isa = PBXFileReference; lastKnownFileType = sourcecode.swift; path = Status.swift; sourceTree = "<group>"; };
/* End PBXFileReference section */

/* Begin PBXFrameworksBuildPhase section */
		D518548A2BCB9DC600CE2620 /* Frameworks */ = {
			isa = PBXFrameworksBuildPhase;
			buildActionMask = 2147483647;
			files = (
				D50FA7C02BD65A36005B2259 /* Lottie in Frameworks */,
			);
			runOnlyForDeploymentPostprocessing = 0;
		};
/* End PBXFrameworksBuildPhase section */

/* Begin PBXGroup section */
		D5023C4A2BD4F86A0009D61B /* Protocols */ = {
			isa = PBXGroup;
			children = (
				D5023C4B2BD4FAE30009D61B /* Protocols.swift */,
			);
			path = Protocols;
			sourceTree = "<group>";
		};
		D50FA7C12BD65BC3005B2259 /* JsonFiles */ = {
			isa = PBXGroup;
			children = (
				D50FA7CA2BD67486005B2259 /* facebook.json */,
				D50FA7C62BD67161005B2259 /* enfil.json */,
				D50FA7C22BD65BE5005B2259 /* guy.json */,
				D50FA7C42BD65CC7005B2259 /* LottieView.swift */,
			);
			path = JsonFiles;
			sourceTree = "<group>";
		};
		D51854842BCB9DC600CE2620 = {
			isa = PBXGroup;
			children = (
				D518548F2BCB9DC600CE2620 /* SwiftUIDemo */,
				D518548E2BCB9DC600CE2620 /* Products */,
			);
			sourceTree = "<group>";
		};
		D518548E2BCB9DC600CE2620 /* Products */ = {
			isa = PBXGroup;
			children = (
				D518548D2BCB9DC600CE2620 /* SwiftUIDemo.app */,
			);
			name = Products;
			sourceTree = "<group>";
		};
		D518548F2BCB9DC600CE2620 /* SwiftUIDemo */ = {
			isa = PBXGroup;
			children = (
				D5B484B62BD8F0430039B012 /* Classes */,
				D50FA7C12BD65BC3005B2259 /* JsonFiles */,
				D5023C4A2BD4F86A0009D61B /* Protocols */,
				D518549E2BCB9E3E00CE2620 /* Screens */,
				D51854902BCB9DC600CE2620 /* SwiftUIDemoApp.swift */,
				D51854942BCB9DC700CE2620 /* Assets.xcassets */,
				D51854962BCB9DC700CE2620 /* Preview Content */,
			);
			path = SwiftUIDemo;
			sourceTree = "<group>";
		};
		D51854962BCB9DC700CE2620 /* Preview Content */ = {
			isa = PBXGroup;
			children = (
				D51854972BCB9DC700CE2620 /* Preview Assets.xcassets */,
			);
			path = "Preview Content";
			sourceTree = "<group>";
		};
		D518549E2BCB9E3E00CE2620 /* Screens */ = {
			isa = PBXGroup;
			children = (
				D518549F2BCB9E5B00CE2620 /* HomeScreen.swift */,
				D5B484B22BD7C4540039B012 /* SignIn.swift */,
				D5B484B02BD7BE2A0039B012 /* SignUp.swift */,
				D5B484B42BD8EBE40039B012 /* Starter.swift */,
			);
			path = Screens;
			sourceTree = "<group>";
		};
		D5B484B62BD8F0430039B012 /* Classes */ = {
			isa = PBXGroup;
			children = (
				D5B484B72BD8F0540039B012 /* Status.swift */,
			);
			path = Classes;
			sourceTree = "<group>";
		};
/* End PBXGroup section */

/* Begin PBXNativeTarget section */
		D518548C2BCB9DC600CE2620 /* SwiftUIDemo */ = {
			isa = PBXNativeTarget;
			buildConfigurationList = D518549B2BCB9DC700CE2620 /* Build configuration list for PBXNativeTarget "SwiftUIDemo" */;
			buildPhases = (
				D51854892BCB9DC600CE2620 /* Sources */,
				D518548A2BCB9DC600CE2620 /* Frameworks */,
				D518548B2BCB9DC600CE2620 /* Resources */,
			);
			buildRules = (
			);
			dependencies = (
			);
			name = SwiftUIDemo;
			packageProductDependencies = (
				D50FA7BF2BD65A36005B2259 /* Lottie */,
			);
			productName = SwiftUIDemo;
			productReference = D518548D2BCB9DC600CE2620 /* SwiftUIDemo.app */;
			productType = "com.apple.product-type.application";
		};
/* End PBXNativeTarget section */

/* Begin PBXProject section */
		D51854852BCB9DC600CE2620 /* Project object */ = {
			isa = PBXProject;
			attributes = {
				BuildIndependentTargetsInParallel = 1;
				LastSwiftUpdateCheck = 1530;
				LastUpgradeCheck = 1530;
				TargetAttributes = {
					D518548C2BCB9DC600CE2620 = {
						CreatedOnToolsVersion = 15.3;
					};
				};
			};
			buildConfigurationList = D51854882BCB9DC600CE2620 /* Build configuration list for PBXProject "SwiftUIDemo" */;
			compatibilityVersion = "Xcode 14.0";
			developmentRegion = en;
			hasScannedForEncodings = 0;
			knownRegions = (
				en,
				Base,
			);
			mainGroup = D51854842BCB9DC600CE2620;
			packageReferences = (
				D50FA7BE2BD65A36005B2259 /* XCRemoteSwiftPackageReference "lottie-ios" */,
			);
			productRefGroup = D518548E2BCB9DC600CE2620 /* Products */;
			projectDirPath = "";
			projectRoot = "";
			targets = (
				D518548C2BCB9DC600CE2620 /* SwiftUIDemo */,
			);
		};
/* End PBXProject section */

/* Begin PBXResourcesBuildPhase section */
		D518548B2BCB9DC600CE2620 /* Resources */ = {
			isa = PBXResourcesBuildPhase;
			buildActionMask = 2147483647;
			files = (
				D50FA7C72BD67161005B2259 /* enfil.json in Resources */,
				D50FA7CB2BD67486005B2259 /* facebook.json in Resources */,
				D51854982BCB9DC700CE2620 /* Preview Assets.xcassets in Resources */,
				D51854952BCB9DC700CE2620 /* Assets.xcassets in Resources */,
				D50FA7C32BD65BE5005B2259 /* guy.json in Resources */,
			);
			runOnlyForDeploymentPostprocessing = 0;
		};
/* End PBXResourcesBuildPhase section */

/* Begin PBXSourcesBuildPhase section */
		D51854892BCB9DC600CE2620 /* Sources */ = {
			isa = PBXSourcesBuildPhase;
			buildActionMask = 2147483647;
			files = (
				D51854912BCB9DC600CE2620 /* SwiftUIDemoApp.swift in Sources */,
				D5B484B32BD7C4540039B012 /* SignIn.swift in Sources */,
				D5B484B52BD8EBE40039B012 /* Starter.swift in Sources */,
				D5B484B82BD8F0540039B012 /* Status.swift in Sources */,
				D5023C4C2BD4FAE30009D61B /* Protocols.swift in Sources */,
				D51854A02BCB9E5B00CE2620 /* HomeScreen.swift in Sources */,
				D50FA7C52BD65CC7005B2259 /* LottieView.swift in Sources */,
				D5B484B12BD7BE2A0039B012 /* SignUp.swift in Sources */,
			);
			runOnlyForDeploymentPostprocessing = 0;
		};
/* End PBXSourcesBuildPhase section */

/* Begin XCBuildConfiguration section */
		D51854992BCB9DC700CE2620 /* Debug */ = {
			isa = XCBuildConfiguration;
			buildSettings = {
				ALWAYS_SEARCH_USER_PATHS = NO;
				ASSETCATALOG_COMPILER_GENERATE_SWIFT_ASSET_SYMBOL_EXTENSIONS = YES;
				CLANG_ANALYZER_NONNULL = YES;
				CLANG_ANALYZER_NUMBER_OBJECT_CONVERSION = YES_AGGRESSIVE;
				CLANG_CXX_LANGUAGE_STANDARD = "gnu++20";
				CLANG_ENABLE_MODULES = YES;
				CLANG_ENABLE_OBJC_ARC = YES;
				CLANG_ENABLE_OBJC_WEAK = YES;
				CLANG_WARN_BLOCK_CAPTURE_AUTORELEASING = YES;
				CLANG_WARN_BOOL_CONVERSION = YES;
				CLANG_WARN_COMMA = YES;
				CLANG_WARN_CONSTANT_CONVERSION = YES;
				CLANG_WARN_DEPRECATED_OBJC_IMPLEMENTATIONS = YES;
				CLANG_WARN_DIRECT_OBJC_ISA_USAGE = YES_ERROR;
				CLANG_WARN_DOCUMENTATION_COMMENTS = YES;
				CLANG_WARN_EMPTY_BODY = YES;
				CLANG_WARN_ENUM_CONVERSION = YES;
				CLANG_WARN_INFINITE_RECURSION = YES;
				CLANG_WARN_INT_CONVERSION = YES;
				CLANG_WARN_NON_LITERAL_NULL_CONVERSION = YES;
				CLANG_WARN_OBJC_IMPLICIT_RETAIN_SELF = YES;
				CLANG_WARN_OBJC_LITERAL_CONVERSION = YES;
				CLANG_WARN_OBJC_ROOT_CLASS = YES_ERROR;
				CLANG_WARN_QUOTED_INCLUDE_IN_FRAMEWORK_HEADER = YES;
				CLANG_WARN_RANGE_LOOP_ANALYSIS = YES;
				CLANG_WARN_STRICT_PROTOTYPES = YES;
				CLANG_WARN_SUSPICIOUS_MOVE = YES;
				CLANG_WARN_UNGUARDED_AVAILABILITY = YES_AGGRESSIVE;
				CLANG_WARN_UNREACHABLE_CODE = YES;
				CLANG_WARN__DUPLICATE_METHOD_MATCH = YES;
				COPY_PHASE_STRIP = NO;
				DEBUG_INFORMATION_FORMAT = dwarf;
				ENABLE_STRICT_OBJC_MSGSEND = YES;
				ENABLE_TESTABILITY = YES;
				ENABLE_USER_SCRIPT_SANDBOXING = YES;
				GCC_C_LANGUAGE_STANDARD = gnu17;
				GCC_DYNAMIC_NO_PIC = NO;
				GCC_NO_COMMON_BLOCKS = YES;
				GCC_OPTIMIZATION_LEVEL = 0;
				GCC_PREPROCESSOR_DEFINITIONS = (
					"DEBUG=1",
					"$(inherited)",
				);
				GCC_WARN_64_TO_32_BIT_CONVERSION = YES;
				GCC_WARN_ABOUT_RETURN_TYPE = YES_ERROR;
				GCC_WARN_UNDECLARED_SELECTOR = YES;
				GCC_WARN_UNINITIALIZED_AUTOS = YES_AGGRESSIVE;
				GCC_WARN_UNUSED_FUNCTION = YES;
				GCC_WARN_UNUSED_VARIABLE = YES;
				IPHONEOS_DEPLOYMENT_TARGET = 17.4;
				LOCALIZATION_PREFERS_STRING_CATALOGS = YES;
				MTL_ENABLE_DEBUG_INFO = INCLUDE_SOURCE;
				MTL_FAST_MATH = YES;
				ONLY_ACTIVE_ARCH = YES;
				SDKROOT = iphoneos;
				SWIFT_ACTIVE_COMPILATION_CONDITIONS = "DEBUG $(inherited)";
				SWIFT_OPTIMIZATION_LEVEL = "-Onone";
			};
			name = Debug;
		};
		D518549A2BCB9DC700CE2620 /* Release */ = {
			isa = XCBuildConfiguration;
			buildSettings = {
				ALWAYS_SEARCH_USER_PATHS = NO;
				ASSETCATALOG_COMPILER_GENERATE_SWIFT_ASSET_SYMBOL_EXTENSIONS = YES;
				CLANG_ANALYZER_NONNULL = YES;
				CLANG_ANALYZER_NUMBER_OBJECT_CONVERSION = YES_AGGRESSIVE;
				CLANG_CXX_LANGUAGE_STANDARD = "gnu++20";
				CLANG_ENABLE_MODULES = YES;
				CLANG_ENABLE_OBJC_ARC = YES;
				CLANG_ENABLE_OBJC_WEAK = YES;
				CLANG_WARN_BLOCK_CAPTURE_AUTORELEASING = YES;
				CLANG_WARN_BOOL_CONVERSION = YES;
				CLANG_WARN_COMMA = YES;
				CLANG_WARN_CONSTANT_CONVERSION = YES;
				CLANG_WARN_DEPRECATED_OBJC_IMPLEMENTATIONS = YES;
				CLANG_WARN_DIRECT_OBJC_ISA_USAGE = YES_ERROR;
				CLANG_WARN_DOCUMENTATION_COMMENTS = YES;
				CLANG_WARN_EMPTY_BODY = YES;
				CLANG_WARN_ENUM_CONVERSION = YES;
				CLANG_WARN_INFINITE_RECURSION = YES;
				CLANG_WARN_INT_CONVERSION = YES;
				CLANG_WARN_NON_LITERAL_NULL_CONVERSION = YES;
				CLANG_WARN_OBJC_IMPLICIT_RETAIN_SELF = YES;
				CLANG_WARN_OBJC_LITERAL_CONVERSION = YES;
				CLANG_WARN_OBJC_ROOT_CLASS = YES_ERROR;
				CLANG_WARN_QUOTED_INCLUDE_IN_FRAMEWORK_HEADER = YES;
				CLANG_WARN_RANGE_LOOP_ANALYSIS = YES;
				CLANG_WARN_STRICT_PROTOTYPES = YES;
				CLANG_WARN_SUSPICIOUS_MOVE = YES;
				CLANG_WARN_UNGUARDED_AVAILABILITY = YES_AGGRESSIVE;
				CLANG_WARN_UNREACHABLE_CODE = YES;
				CLANG_WARN__DUPLICATE_METHOD_MATCH = YES;
				COPY_PHASE_STRIP = NO;
				DEBUG_INFORMATION_FORMAT = "dwarf-with-dsym";
				ENABLE_NS_ASSERTIONS = NO;
				ENABLE_STRICT_OBJC_MSGSEND = YES;
				ENABLE_USER_SCRIPT_SANDBOXING = YES;
				GCC_C_LANGUAGE_STANDARD = gnu17;
				GCC_NO_COMMON_BLOCKS = YES;
				GCC_WARN_64_TO_32_BIT_CONVERSION = YES;
				GCC_WARN_ABOUT_RETURN_TYPE = YES_ERROR;
				GCC_WARN_UNDECLARED_SELECTOR = YES;
				GCC_WARN_UNINITIALIZED_AUTOS = YES_AGGRESSIVE;
				GCC_WARN_UNUSED_FUNCTION = YES;
				GCC_WARN_UNUSED_VARIABLE = YES;
				IPHONEOS_DEPLOYMENT_TARGET = 17.4;
				LOCALIZATION_PREFERS_STRING_CATALOGS = YES;
				MTL_ENABLE_DEBUG_INFO = NO;
				MTL_FAST_MATH = YES;
				SDKROOT = iphoneos;
				SWIFT_COMPILATION_MODE = wholemodule;
				VALIDATE_PRODUCT = YES;
			};
			name = Release;
		};
		D518549C2BCB9DC700CE2620 /* Debug */ = {
			isa = XCBuildConfiguration;
			buildSettings = {
				ASSETCATALOG_COMPILER_APPICON_NAME = AppIcon;
				ASSETCATALOG_COMPILER_GLOBAL_ACCENT_COLOR_NAME = AccentColor;
				CODE_SIGN_STYLE = Automatic;
				CURRENT_PROJECT_VERSION = 1;
				DEVELOPMENT_ASSET_PATHS = "\"SwiftUIDemo/Preview Content\"";
				ENABLE_PREVIEWS = YES;
				GENERATE_INFOPLIST_FILE = YES;
				INFOPLIST_KEY_UIApplicationSceneManifest_Generation = YES;
				INFOPLIST_KEY_UIApplicationSupportsIndirectInputEvents = YES;
				INFOPLIST_KEY_UILaunchScreen_Generation = YES;
				INFOPLIST_KEY_UISupportedInterfaceOrientations_iPad = "UIInterfaceOrientationPortrait UIInterfaceOrientationPortraitUpsideDown UIInterfaceOrientationLandscapeLeft UIInterfaceOrientationLandscapeRight";
				INFOPLIST_KEY_UISupportedInterfaceOrientations_iPhone = "UIInterfaceOrientationPortrait UIInterfaceOrientationLandscapeLeft UIInterfaceOrientationLandscapeRight";
				LD_RUNPATH_SEARCH_PATHS = (
					"$(inherited)",
					"@executable_path/Frameworks",
				);
				MARKETING_VERSION = 1.0;
				PRODUCT_BUNDLE_IDENTIFIER = Nodir.SwiftUIDemo;
				PRODUCT_NAME = "$(TARGET_NAME)";
				SWIFT_EMIT_LOC_STRINGS = YES;
				SWIFT_VERSION = 5.0;
				TARGETED_DEVICE_FAMILY = "1,2";
			};
			name = Debug;
		};
		D518549D2BCB9DC700CE2620 /* Release */ = {
			isa = XCBuildConfiguration;
			buildSettings = {
				ASSETCATALOG_COMPILER_APPICON_NAME = AppIcon;
				ASSETCATALOG_COMPILER_GLOBAL_ACCENT_COLOR_NAME = AccentColor;
				CODE_SIGN_STYLE = Automatic;
				CURRENT_PROJECT_VERSION = 1;
				DEVELOPMENT_ASSET_PATHS = "\"SwiftUIDemo/Preview Content\"";
				ENABLE_PREVIEWS = YES;
				GENERATE_INFOPLIST_FILE = YES;
				INFOPLIST_KEY_UIApplicationSceneManifest_Generation = YES;
				INFOPLIST_KEY_UIApplicationSupportsIndirectInputEvents = YES;
				INFOPLIST_KEY_UILaunchScreen_Generation = YES;
				INFOPLIST_KEY_UISupportedInterfaceOrientations_iPad = "UIInterfaceOrientationPortrait UIInterfaceOrientationPortraitUpsideDown UIInterfaceOrientationLandscapeLeft UIInterfaceOrientationLandscapeRight";
				INFOPLIST_KEY_UISupportedInterfaceOrientations_iPhone = "UIInterfaceOrientationPortrait UIInterfaceOrientationLandscapeLeft UIInterfaceOrientationLandscapeRight";
				LD_RUNPATH_SEARCH_PATHS = (
					"$(inherited)",
					"@executable_path/Frameworks",
				);
				MARKETING_VERSION = 1.0;
				PRODUCT_BUNDLE_IDENTIFIER = Nodir.SwiftUIDemo;
				PRODUCT_NAME = "$(TARGET_NAME)";
				SWIFT_EMIT_LOC_STRINGS = YES;
				SWIFT_VERSION = 5.0;
				TARGETED_DEVICE_FAMILY = "1,2";
			};
			name = Release;
		};
/* End XCBuildConfiguration section */

/* Begin XCConfigurationList section */
		D51854882BCB9DC600CE2620 /* Build configuration list for PBXProject "SwiftUIDemo" */ = {
			isa = XCConfigurationList;
			buildConfigurations = (
				D51854992BCB9DC700CE2620 /* Debug */,
				D518549A2BCB9DC700CE2620 /* Release */,
			);
			defaultConfigurationIsVisible = 0;
			defaultConfigurationName = Release;
		};
		D518549B2BCB9DC700CE2620 /* Build configuration list for PBXNativeTarget "SwiftUIDemo" */ = {
			isa = XCConfigurationList;
			buildConfigurations = (
				D518549C2BCB9DC700CE2620 /* Debug */,
				D518549D2BCB9DC700CE2620 /* Release */,
			);
			defaultConfigurationIsVisible = 0;
			defaultConfigurationName = Release;
		};
/* End XCConfigurationList section */

/* Begin XCRemoteSwiftPackageReference section */
		D50FA7BE2BD65A36005B2259 /* XCRemoteSwiftPackageReference "lottie-ios" */ = {
			isa = XCRemoteSwiftPackageReference;
			repositoryURL = "https://github.com/airbnb/lottie-ios.git";
			requirement = {
				kind = upToNextMajorVersion;
				minimumVersion = 4.4.3;
			};
		};
/* End XCRemoteSwiftPackageReference section */

/* Begin XCSwiftPackageProductDependency section */
		D50FA7BF2BD65A36005B2259 /* Lottie */ = {
			isa = XCSwiftPackageProductDependency;
			package = D50FA7BE2BD65A36005B2259 /* XCRemoteSwiftPackageReference "lottie-ios" */;
			productName = Lottie;
		};
/* End XCSwiftPackageProductDependency section */
	};
	rootObject = D51854852BCB9DC600CE2620 /* Project object */;
}
